
Microsoft Visual Studio Solution File, Format Version 12.00
# Visual Studio 14
VisualStudioVersion = 14.0.23107.0
MinimumVisualStudioVersion = 10.0.40219.1
Project("{FAE04EC0-301F-11D3-BF4B-00C04F79EFBC}") = "KalmanClient", "KalmanClient\KalmanClient.csproj", "{765A5E16-5FFD-4248-AFCC-679070B737D4}"
EndProject
Project("{FAE04EC0-301F-11D3-BF4B-00C04F79EFBC}") = "KalmanServer", "KalmanServer\KalmanServer.csproj", "{99BBCD00-4CA5-4499-A839-890E7F97319B}"
EndProject
Project("{FAE04EC0-301F-11D3-BF4B-00C04F79EFBC}") = "KalmanLib", "KalmanLib\KalmanLib.csproj", "{8FD48084-5F9A-48DF-9060-C05816D8DB53}"
EndProject
Project("{FAE04EC0-301F-11D3-BF4B-00C04F79EFBC}") = "DateTimeParser", "DateTimeParser\DateTimeParser.csproj", "{BC68A377-62F2-4698-94A4-3E86642D1EDF}"
EndProject
Global
	GlobalSection(SolutionConfigurationPlatforms) = preSolution
		Debug|Any CPU = Debug|Any CPU
		Release|Any CPU = Release|Any CPU
	EndGlobalSection
	GlobalSection(ProjectConfigurationPlatforms) = postSolution
		{765A5E16-5FFD-4248-AFCC-679070B737D4}.Debug|Any CPU.ActiveCfg = Debug|Any CPU
		{765A5E16-5FFD-4248-AFCC-679070B737D4}.Debug|Any CPU.Build.0 = Debug|Any CPU
		{765A5E16-5FFD-4248-AFCC-679070B737D4}.Release|Any CPU.ActiveCfg = Release|Any CPU
		{765A5E16-5FFD-4248-AFCC-679070B737D4}.Release|Any CPU.Build.0 = Release|Any CPU
		{99BBCD00-4CA5-4499-A839-890E7F97319B}.Debug|Any CPU.ActiveCfg = Debug|Any CPU
		{99BBCD00-4CA5-4499-A839-890E7F97319B}.Debug|Any CPU.Build.0 = Debug|Any CPU
		{99BBCD00-4CA5-4499-A839-890E7F97319B}.Release|Any CPU.ActiveCfg = Release|Any CPU
		{99BBCD00-4CA5-4499-A839-890E7F97319B}.Release|Any CPU.Build.0 = Release|Any CPU
		{8FD48084-5F9A-48DF-9060-C05816D8DB53}.Debug|Any CPU.ActiveCfg = Debug|Any CPU
		{8FD48084-5F9A-48DF-9060-C05816D8DB53}.Debug|Any CPU.Build.0 = Debug|Any CPU
		{8FD48084-5F9A-48DF-9060-C05816D8DB53}.Release|Any CPU.ActiveCfg = Release|Any CPU
		{8FD48084-5F9A-48DF-9060-C05816D8DB53}.Release|Any CPU.Build.0 = Release|Any CPU
		{BC68A377-62F2-4698-94A4-3E86642D1EDF}.Debug|Any CPU.ActiveCfg = Debug|Any CPU
		{BC68A377-62F2-4698-94A4-3E86642D1EDF}.Debug|Any CPU.Build.0 = Debug|Any CPU
		{BC68A377-62F2-4698-94A4-3E86642D1EDF}.Release|Any CPU.ActiveCfg = Release|Any CPU
		{BC68A377-62F2-4698-94A4-3E86642D1EDF}.Release|Any CPU.Build.0 = Release|Any CPU
	EndGlobalSection
	GlobalSection(SolutionProperties) = preSolution
		HideSolutionNode = FALSE
	EndGlobalSection
EndGlobal
